
Microsoft Visual Studio Solution File, Format Version 12.00
# Visual Studio Version 17
VisualStudioVersion = 17.4.33122.133
MinimumVisualStudioVersion = 10.0.40219.1
Project("{FAE04EC0-301F-11D3-BF4B-00C04F79EFBC}") = "UserTicketService1", "UserTicketService1\UserTicketService1.csproj", "{3671573C-7FC2-4368-87F1-51E0CDC60F13}"
EndProject
Project("{FAE04EC0-301F-11D3-BF4B-00C04F79EFBC}") = "UserTicketService.Tests", "UserTicketService.Tests\UserTicketService.Tests.csproj", "{5BBC9104-70CC-499A-9613-C2A0760420BD}"
EndProject
Project("{FAE04EC0-301F-11D3-BF4B-00C04F79EFBC}") = "UserTicketService.Tests(XUnit)", "UserTicketService.Tests(XUnit)\UserTicketService.Tests(XUnit).csproj", "{34428060-ABCC-4BA9-87D7-005B2DC39F2A}"
EndProject
Global
	GlobalSection(SolutionConfigurationPlatforms) = preSolution
		Debug|Any CPU = Debug|Any CPU
		Release|Any CPU = Release|Any CPU
	EndGlobalSection
	GlobalSection(ProjectConfigurationPlatforms) = postSolution
		{3671573C-7FC2-4368-87F1-51E0CDC60F13}.Debug|Any CPU.ActiveCfg = Debug|Any CPU
		{3671573C-7FC2-4368-87F1-51E0CDC60F13}.Debug|Any CPU.Build.0 = Debug|Any CPU
		{3671573C-7FC2-4368-87F1-51E0CDC60F13}.Release|Any CPU.ActiveCfg = Release|Any CPU
		{3671573C-7FC2-4368-87F1-51E0CDC60F13}.Release|Any CPU.Build.0 = Release|Any CPU
		{5BBC9104-70CC-499A-9613-C2A0760420BD}.Debug|Any CPU.ActiveCfg = Debug|Any CPU
		{5BBC9104-70CC-499A-9613-C2A0760420BD}.Debug|Any CPU.Build.0 = Debug|Any CPU
		{5BBC9104-70CC-499A-9613-C2A0760420BD}.Release|Any CPU.ActiveCfg = Release|Any CPU
		{5BBC9104-70CC-499A-9613-C2A0760420BD}.Release|Any CPU.Build.0 = Release|Any CPU
		{34428060-ABCC-4BA9-87D7-005B2DC39F2A}.Debug|Any CPU.ActiveCfg = Debug|Any CPU
		{34428060-ABCC-4BA9-87D7-005B2DC39F2A}.Debug|Any CPU.Build.0 = Debug|Any CPU
		{34428060-ABCC-4BA9-87D7-005B2DC39F2A}.Release|Any CPU.ActiveCfg = Release|Any CPU
		{34428060-ABCC-4BA9-87D7-005B2DC39F2A}.Release|Any CPU.Build.0 = Release|Any CPU
	EndGlobalSection
	GlobalSection(SolutionProperties) = preSolution
		HideSolutionNode = FALSE
	EndGlobalSection
	GlobalSection(ExtensibilityGlobals) = postSolution
		SolutionGuid = {398B217D-4E9B-4E85-BEB4-AA7B6206AF1C}
	EndGlobalSection
EndGlobal
